
Microsoft Visual Studio Solution File, Format Version 12.00
# Visual Studio Version 16
VisualStudioVersion = 16.0.31515.178
MinimumVisualStudioVersion = 10.0.40219.1
Project("{FAE04EC0-301F-11D3-BF4B-00C04F79EFBC}") = "USB Enabler Disabler", "USB Enabler Disabler\USB Enabler Disabler.csproj", "{9D0C2E4E-FB5C-4A78-86B1-62D26AEE5ABB}"
EndProject
Global
	GlobalSection(SolutionConfigurationPlatforms) = preSolution
		Debug|Any CPU = Debug|Any CPU
		Release|Any CPU = Release|Any CPU
	EndGlobalSection
	GlobalSection(ProjectConfigurationPlatforms) = postSolution
		{9D0C2E4E-FB5C-4A78-86B1-62D26AEE5ABB}.Debug|Any CPU.ActiveCfg = Debug|Any CPU
		{9D0C2E4E-FB5C-4A78-86B1-62D26AEE5ABB}.Debug|Any CPU.Build.0 = Debug|Any CPU
		{9D0C2E4E-FB5C-4A78-86B1-62D26AEE5ABB}.Release|Any CPU.ActiveCfg = Release|Any CPU
		{9D0C2E4E-FB5C-4A78-86B1-62D26AEE5ABB}.Release|Any CPU.Build.0 = Release|Any CPU
	EndGlobalSection
	GlobalSection(SolutionProperties) = preSolution
		HideSolutionNode = FALSE
	EndGlobalSection
	GlobalSection(ExtensibilityGlobals) = postSolution
		SolutionGuid = {A6F27318-38B6-4529-9930-927D8A6E53F9}
	EndGlobalSection
EndGlobal
